
Microsoft Visual Studio Solution File, Format Version 12.00
# Visual Studio Version 17
VisualStudioVersion = 17.9.34723.18
MinimumVisualStudioVersion = 10.0.40219.1
Project("{FAE04EC0-301F-11D3-BF4B-00C04F79EFBC}") = "Tuple,Record,Abstract class,override", "Tuple,Record,Abstract class,override\Tuple,Record,Abstract class,override.csproj", "{E2050C8F-6CC7-45C3-8D03-131EC838B228}"
EndProject
Global
	GlobalSection(SolutionConfigurationPlatforms) = preSolution
		Debug|Any CPU = Debug|Any CPU
		Release|Any CPU = Release|Any CPU
	EndGlobalSection
	GlobalSection(ProjectConfigurationPlatforms) = postSolution
		{E2050C8F-6CC7-45C3-8D03-131EC838B228}.Debug|Any CPU.ActiveCfg = Debug|Any CPU
		{E2050C8F-6CC7-45C3-8D03-131EC838B228}.Debug|Any CPU.Build.0 = Debug|Any CPU
		{E2050C8F-6CC7-45C3-8D03-131EC838B228}.Release|Any CPU.ActiveCfg = Release|Any CPU
		{E2050C8F-6CC7-45C3-8D03-131EC838B228}.Release|Any CPU.Build.0 = Release|Any CPU
	EndGlobalSection
	GlobalSection(SolutionProperties) = preSolution
		HideSolutionNode = FALSE
	EndGlobalSection
	GlobalSection(ExtensibilityGlobals) = postSolution
		SolutionGuid = {DF8E830E-EF49-4BE5-A728-D0DA15A1B70F}
	EndGlobalSection
EndGlobal
